
Microsoft Visual Studio Solution File, Format Version 12.00
# Visual Studio 15
VisualStudioVersion = 15.0.28307.136
MinimumVisualStudioVersion = 10.0.40219.1
Project("{FAE04EC0-301F-11D3-BF4B-00C04F79EFBC}") = "XCodeFramework.Core", "XCodeFramework.Core\XCodeFramework.Core.csproj", "{D712430D-CD38-45C4-92D8-A783BB22DEA4}"
EndProject
Project("{FAE04EC0-301F-11D3-BF4B-00C04F79EFBC}") = "XCodeFramework.Data", "XCodeFramework.Data\XCodeFramework.Data.csproj", "{224130C5-6400-498F-91E9-8DF1C50DF7A7}"
EndProject
Project("{FAE04EC0-301F-11D3-BF4B-00C04F79EFBC}") = "XCodeFramework.Service", "XCodeFramework.Service\XCodeFramework.Service.csproj", "{FF16E7AF-0106-4A24-BB6B-2B52B2D67B06}"
EndProject
Project("{FAE04EC0-301F-11D3-BF4B-00C04F79EFBC}") = "XCodeFramework.Web", "XCodeFramework.Web\XCodeFramework.Web.csproj", "{6B7DA76A-08A4-45C4-8C58-C509B99B91EC}"
EndProject
Project("{FAE04EC0-301F-11D3-BF4B-00C04F79EFBC}") = "XCodeFramework.Web.Core", "XCodeFramework.Web.Core\XCodeFramework.Web.Core.csproj", "{FAC48308-3E5B-47E0-9357-91B34ED0A031}"
EndProject
Project("{FAE04EC0-301F-11D3-BF4B-00C04F79EFBC}") = "XCodeFramework.Test", "XCodeFramework.Test\XCodeFramework.Test.csproj", "{34C8108F-C3A3-41D6-84AE-64451DF285D0}"
EndProject
Project("{2150E333-8FDC-42A3-9474-1A3956D46DE8}") = "Others", "Others", "{FF20C1B1-4DD5-4997-B576-1282E858994B}"
EndProject
Project("{FAE04EC0-301F-11D3-BF4B-00C04F79EFBC}") = "TypeOf1", "TypeOf\TypeOf1.csproj", "{5044C193-0CBB-40D8-80C5-B83ECE45B2EB}"
EndProject
Project("{FAE04EC0-301F-11D3-BF4B-00C04F79EFBC}") = "Thread1", "Thread\Thread1.csproj", "{988C28F5-2379-4101-9949-09B67E210917}"
EndProject
Project("{FAE04EC0-301F-11D3-BF4B-00C04F79EFBC}") = "Async1", "Async1\Async1.csproj", "{D11D19E9-8205-4692-ACB0-470A91761128}"
EndProject
Project("{FAE04EC0-301F-11D3-BF4B-00C04F79EFBC}") = "AsyncInMvc", "AsyncInMvc\AsyncInMvc.csproj", "{C7CEEE30-DE1C-4D42-B123-CBCD93AFB6B3}"
EndProject
Project("{FAE04EC0-301F-11D3-BF4B-00C04F79EFBC}") = "XCodeFramework.Api", "XCodeFramework.Api\XCodeFramework.Api.csproj", "{615D90EC-9FE4-4843-B30B-C0128694094A}"
EndProject
Project("{FAE04EC0-301F-11D3-BF4B-00C04F79EFBC}") = "WebApiSample", "WebApiSample\WebApiSample.csproj", "{4B82B575-868A-4154-B806-46D77194AF6F}"
EndProject
Project("{FAE04EC0-301F-11D3-BF4B-00C04F79EFBC}") = "UseHttpClient", "UseHttpClient\UseHttpClient.csproj", "{1280E7E5-7908-435F-A34F-B39DC950FB17}"
EndProject
Project("{FAE04EC0-301F-11D3-BF4B-00C04F79EFBC}") = "XCodeFramework.Model", "XCodeFramework.Model\XCodeFramework.Model.csproj", "{6822483C-3FC7-4642-850B-4E3458FF90D6}"
EndProject
Project("{FAE04EC0-301F-11D3-BF4B-00C04F79EFBC}") = "XCodeFramework.Admin", "XCodeFramework.Admin\XCodeFramework.Admin.csproj", "{7611906C-C3EF-4D8B-9190-97EAEF633997}"
EndProject
Global
	GlobalSection(SolutionConfigurationPlatforms) = preSolution
		Debug|Any CPU = Debug|Any CPU
		Release|Any CPU = Release|Any CPU
	EndGlobalSection
	GlobalSection(ProjectConfigurationPlatforms) = postSolution
		{D712430D-CD38-45C4-92D8-A783BB22DEA4}.Debug|Any CPU.ActiveCfg = Debug|Any CPU
		{D712430D-CD38-45C4-92D8-A783BB22DEA4}.Debug|Any CPU.Build.0 = Debug|Any CPU
		{D712430D-CD38-45C4-92D8-A783BB22DEA4}.Release|Any CPU.ActiveCfg = Release|Any CPU
		{D712430D-CD38-45C4-92D8-A783BB22DEA4}.Release|Any CPU.Build.0 = Release|Any CPU
		{224130C5-6400-498F-91E9-8DF1C50DF7A7}.Debug|Any CPU.ActiveCfg = Debug|Any CPU
		{224130C5-6400-498F-91E9-8DF1C50DF7A7}.Debug|Any CPU.Build.0 = Debug|Any CPU
		{224130C5-6400-498F-91E9-8DF1C50DF7A7}.Release|Any CPU.ActiveCfg = Release|Any CPU
		{224130C5-6400-498F-91E9-8DF1C50DF7A7}.Release|Any CPU.Build.0 = Release|Any CPU
		{FF16E7AF-0106-4A24-BB6B-2B52B2D67B06}.Debug|Any CPU.ActiveCfg = Debug|Any CPU
		{FF16E7AF-0106-4A24-BB6B-2B52B2D67B06}.Debug|Any CPU.Build.0 = Debug|Any CPU
		{FF16E7AF-0106-4A24-BB6B-2B52B2D67B06}.Release|Any CPU.ActiveCfg = Release|Any CPU
		{FF16E7AF-0106-4A24-BB6B-2B52B2D67B06}.Release|Any CPU.Build.0 = Release|Any CPU
		{6B7DA76A-08A4-45C4-8C58-C509B99B91EC}.Debug|Any CPU.ActiveCfg = Debug|Any CPU
		{6B7DA76A-08A4-45C4-8C58-C509B99B91EC}.Debug|Any CPU.Build.0 = Debug|Any CPU
		{6B7DA76A-08A4-45C4-8C58-C509B99B91EC}.Release|Any CPU.ActiveCfg = Release|Any CPU
		{6B7DA76A-08A4-45C4-8C58-C509B99B91EC}.Release|Any CPU.Build.0 = Release|Any CPU
		{FAC48308-3E5B-47E0-9357-91B34ED0A031}.Debug|Any CPU.ActiveCfg = Debug|Any CPU
		{FAC48308-3E5B-47E0-9357-91B34ED0A031}.Debug|Any CPU.Build.0 = Debug|Any CPU
		{FAC48308-3E5B-47E0-9357-91B34ED0A031}.Release|Any CPU.ActiveCfg = Release|Any CPU
		{FAC48308-3E5B-47E0-9357-91B34ED0A031}.Release|Any CPU.Build.0 = Release|Any CPU
		{34C8108F-C3A3-41D6-84AE-64451DF285D0}.Debug|Any CPU.ActiveCfg = Debug|Any CPU
		{34C8108F-C3A3-41D6-84AE-64451DF285D0}.Debug|Any CPU.Build.0 = Debug|Any CPU
		{34C8108F-C3A3-41D6-84AE-64451DF285D0}.Release|Any CPU.ActiveCfg = Release|Any CPU
		{34C8108F-C3A3-41D6-84AE-64451DF285D0}.Release|Any CPU.Build.0 = Release|Any CPU
		{5044C193-0CBB-40D8-80C5-B83ECE45B2EB}.Debug|Any CPU.ActiveCfg = Debug|Any CPU
		{5044C193-0CBB-40D8-80C5-B83ECE45B2EB}.Debug|Any CPU.Build.0 = Debug|Any CPU
		{5044C193-0CBB-40D8-80C5-B83ECE45B2EB}.Release|Any CPU.ActiveCfg = Release|Any CPU
		{5044C193-0CBB-40D8-80C5-B83ECE45B2EB}.Release|Any CPU.Build.0 = Release|Any CPU
		{988C28F5-2379-4101-9949-09B67E210917}.Debug|Any CPU.ActiveCfg = Debug|Any CPU
		{988C28F5-2379-4101-9949-09B67E210917}.Debug|Any CPU.Build.0 = Debug|Any CPU
		{988C28F5-2379-4101-9949-09B67E210917}.Release|Any CPU.ActiveCfg = Release|Any CPU
		{988C28F5-2379-4101-9949-09B67E210917}.Release|Any CPU.Build.0 = Release|Any CPU
		{D11D19E9-8205-4692-ACB0-470A91761128}.Debug|Any CPU.ActiveCfg = Debug|Any CPU
		{D11D19E9-8205-4692-ACB0-470A91761128}.Debug|Any CPU.Build.0 = Debug|Any CPU
		{D11D19E9-8205-4692-ACB0-470A91761128}.Release|Any CPU.ActiveCfg = Release|Any CPU
		{D11D19E9-8205-4692-ACB0-470A91761128}.Release|Any CPU.Build.0 = Release|Any CPU
		{C7CEEE30-DE1C-4D42-B123-CBCD93AFB6B3}.Debug|Any CPU.ActiveCfg = Debug|Any CPU
		{C7CEEE30-DE1C-4D42-B123-CBCD93AFB6B3}.Debug|Any CPU.Build.0 = Debug|Any CPU
		{C7CEEE30-DE1C-4D42-B123-CBCD93AFB6B3}.Release|Any CPU.ActiveCfg = Release|Any CPU
		{C7CEEE30-DE1C-4D42-B123-CBCD93AFB6B3}.Release|Any CPU.Build.0 = Release|Any CPU
		{615D90EC-9FE4-4843-B30B-C0128694094A}.Debug|Any CPU.ActiveCfg = Debug|Any CPU
		{615D90EC-9FE4-4843-B30B-C0128694094A}.Debug|Any CPU.Build.0 = Debug|Any CPU
		{615D90EC-9FE4-4843-B30B-C0128694094A}.Release|Any CPU.ActiveCfg = Release|Any CPU
		{615D90EC-9FE4-4843-B30B-C0128694094A}.Release|Any CPU.Build.0 = Release|Any CPU
		{4B82B575-868A-4154-B806-46D77194AF6F}.Debug|Any CPU.ActiveCfg = Debug|Any CPU
		{4B82B575-868A-4154-B806-46D77194AF6F}.Debug|Any CPU.Build.0 = Debug|Any CPU
		{4B82B575-868A-4154-B806-46D77194AF6F}.Release|Any CPU.ActiveCfg = Release|Any CPU
		{4B82B575-868A-4154-B806-46D77194AF6F}.Release|Any CPU.Build.0 = Release|Any CPU
		{1280E7E5-7908-435F-A34F-B39DC950FB17}.Debug|Any CPU.ActiveCfg = Debug|Any CPU
		{1280E7E5-7908-435F-A34F-B39DC950FB17}.Debug|Any CPU.Build.0 = Debug|Any CPU
		{1280E7E5-7908-435F-A34F-B39DC950FB17}.Release|Any CPU.ActiveCfg = Release|Any CPU
		{1280E7E5-7908-435F-A34F-B39DC950FB17}.Release|Any CPU.Build.0 = Release|Any CPU
		{6822483C-3FC7-4642-850B-4E3458FF90D6}.Debug|Any CPU.ActiveCfg = Debug|Any CPU
		{6822483C-3FC7-4642-850B-4E3458FF90D6}.Debug|Any CPU.Build.0 = Debug|Any CPU
		{6822483C-3FC7-4642-850B-4E3458FF90D6}.Release|Any CPU.ActiveCfg = Release|Any CPU
		{6822483C-3FC7-4642-850B-4E3458FF90D6}.Release|Any CPU.Build.0 = Release|Any CPU
		{7611906C-C3EF-4D8B-9190-97EAEF633997}.Debug|Any CPU.ActiveCfg = Debug|Any CPU
		{7611906C-C3EF-4D8B-9190-97EAEF633997}.Debug|Any CPU.Build.0 = Debug|Any CPU
		{7611906C-C3EF-4D8B-9190-97EAEF633997}.Release|Any CPU.ActiveCfg = Release|Any CPU
		{7611906C-C3EF-4D8B-9190-97EAEF633997}.Release|Any CPU.Build.0 = Release|Any CPU
	EndGlobalSection
	GlobalSection(SolutionProperties) = preSolution
		HideSolutionNode = FALSE
	EndGlobalSection
	GlobalSection(NestedProjects) = preSolution
		{5044C193-0CBB-40D8-80C5-B83ECE45B2EB} = {FF20C1B1-4DD5-4997-B576-1282E858994B}
		{988C28F5-2379-4101-9949-09B67E210917} = {FF20C1B1-4DD5-4997-B576-1282E858994B}
		{D11D19E9-8205-4692-ACB0-470A91761128} = {FF20C1B1-4DD5-4997-B576-1282E858994B}
		{C7CEEE30-DE1C-4D42-B123-CBCD93AFB6B3} = {FF20C1B1-4DD5-4997-B576-1282E858994B}
		{4B82B575-868A-4154-B806-46D77194AF6F} = {FF20C1B1-4DD5-4997-B576-1282E858994B}
		{1280E7E5-7908-435F-A34F-B39DC950FB17} = {FF20C1B1-4DD5-4997-B576-1282E858994B}
	EndGlobalSection
	GlobalSection(ExtensibilityGlobals) = postSolution
		SolutionGuid = {AF2DB698-526B-40A4-98D5-CBD481339A39}
	EndGlobalSection
EndGlobal
